# THIS IS AN AUTOGENERATED FILE. DO NOT EDIT THIS FILE DIRECTLY.
# yarn lockfile v1


jquery-json@^2.6.0:
  version "2.6.0"
  resolved "https://registry.yarnpkg.com/jquery-json/-/jquery-json-2.6.0.tgz#14e60ba6586f9e59505a30b69399c20bd7d5d98c"
  integrity sha512-6/Br2V9q8tD3+k973kiYLXL7tl/ilqJffWdebJ7snOo5k5h3vxh73QcUQ6ZH/44jWd8qdrWcsn4s3P7f/QThfg==

jquery@^3.7.1:
  version "3.7.1"
  resolved "https://registry.yarnpkg.com/jquery/-/jquery-3.7.1.tgz#083ef98927c9a6a74d05a6af02806566d16274de"
  integrity sha512-m4avr8yL8kmFN8psrbFFFmB/If14iN5o9nw/NgnnM+kybDJpRsAynV2BsfpTYrTRysYUdADVD7CkUUizgkpLfg==

verto@^0.1.1:
  version "0.1.1"
  resolved "https://registry.yarnpkg.com/verto/-/verto-0.1.1.tgz#faa4c03c5861818027f0937f78aace587f7ea79d"
  integrity sha512-8XRA8ET6AfBJt7qCJO+05FNDHhUER2xvZN8GN92xAKJE2vaYGqCm6PF+3pY6axbUYixAtNgx+Ms8kZrYyc8FEg==
